// !$*UTF8*$!
{
	archiveVersion = 1;
	classes = {
	};
	objectVersion = 46;
	objects = {

/* Begin PBXBuildFile section */
		4A6032621C3897FB00226BD1 /* render_midifiles.c in Sources */ = {isa = PBXBuildFile; fileRef = 4A6032611C3897FB00226BD1 /* render_midifiles.c */; };
		4A6032661C38982000226BD1 /* write_wav.c in Sources */ = {isa = PBXBuildFile; fileRef = 4A6032651C38982000226BD1 /* write_wav.c */; };
		4A6032AB1C389B6700226BD1 /* adsr_envelope.c in Sources */ = {isa = PBXBuildFile; fileRef = 4A60326B1C389B6700226BD1 /* adsr_envelope.c */; };
		4A6032AC1C389B6700226BD1 /* compressor.c in Sources */ = {isa = PBXBuildFile; fileRef = 4A60326D1C389B6700226BD1 /* compressor.c */; };
		4A6032AD1C389B6700226BD1 /* dbl_list.c in Sources */ = {isa = PBXBuildFile; fileRef = 4A60326F1C389B6700226BD1 /* dbl_list.c */; };
		4A6032AE1C389B6700226BD1 /* dls_articulations.c in Sources */ = {isa = PBXBuildFile; fileRef = 4A6032711C389B6700226BD1 /* dls_articulations.c */; };
		4A6032AF1C389B6700226BD1 /* dls_parser.c in Sources */ = {isa = PBXBuildFile; fileRef = 4A6032721C389B6700226BD1 /* dls_parser.c */; };
		4A6032B01C389B6700226BD1 /* instrument_mgr.c in Sources */ = {isa = PBXBuildFile; fileRef = 4A6032751C389B6700226BD1 /* instrument_mgr.c */; };
		4A6032B11C389B6700226BD1 /* mbis_parser.c in Sources */ = {isa = PBXBuildFile; fileRef = 4A6032771C389B6700226BD1 /* mbis_parser.c */; };
		4A6032B21C389B6700226BD1 /* memheap.c in Sources */ = {isa = PBXBuildFile; fileRef = 4A6032791C389B6700226BD1 /* memheap.c */; };
		4A6032B31C389B6700226BD1 /* memtools.c in Sources */ = {isa = PBXBuildFile; fileRef = 4A60327B1C389B6700226BD1 /* memtools.c */; };
		4A6032B41C389B6700226BD1 /* midi_names.c in Sources */ = {isa = PBXBuildFile; fileRef = 4A60327D1C389B6700226BD1 /* midi_names.c */; };
		4A6032B51C389B6700226BD1 /* midifile_parser.c in Sources */ = {isa = PBXBuildFile; fileRef = 4A60327E1C389B6700226BD1 /* midifile_parser.c */; };
		4A6032B61C389B6700226BD1 /* midifile_player.c in Sources */ = {isa = PBXBuildFile; fileRef = 4A60327F1C389B6700226BD1 /* midifile_player.c */; };
		4A6032B71C389B6700226BD1 /* onepole_filter.c in Sources */ = {isa = PBXBuildFile; fileRef = 4A6032801C389B6700226BD1 /* onepole_filter.c */; };
		4A6032B81C389B6700226BD1 /* oscillator.c in Sources */ = {isa = PBXBuildFile; fileRef = 4A6032821C389B6700226BD1 /* oscillator.c */; };
		4A6032B91C389B6700226BD1 /* parse_riff.c in Sources */ = {isa = PBXBuildFile; fileRef = 4A6032841C389B6700226BD1 /* parse_riff.c */; };
		4A6032BA1C389B6700226BD1 /* program_list.c in Sources */ = {isa = PBXBuildFile; fileRef = 4A6032861C389B6700226BD1 /* program_list.c */; };
		4A6032BB1C389B6700226BD1 /* resource_mgr.c in Sources */ = {isa = PBXBuildFile; fileRef = 4A6032871C389B6700226BD1 /* resource_mgr.c */; };
		4A6032BC1C389B6700226BD1 /* reverb.c in Sources */ = {isa = PBXBuildFile; fileRef = 4A6032891C389B6700226BD1 /* reverb.c */; };
		4A6032BD1C389B6700226BD1 /* song_player.c in Sources */ = {isa = PBXBuildFile; fileRef = 4A60328B1C389B6700226BD1 /* song_player.c */; };
		4A6032BE1C389B6700226BD1 /* spmidi.c in Sources */ = {isa = PBXBuildFile; fileRef = 4A60328C1C389B6700226BD1 /* spmidi.c */; };
		4A6032BF1C389B6700226BD1 /* spmidi_dls.c in Sources */ = {isa = PBXBuildFile; fileRef = 4A60328D1C389B6700226BD1 /* spmidi_dls.c */; };
		4A6032C01C389B6700226BD1 /* spmidi_fast.c in Sources */ = {isa = PBXBuildFile; fileRef = 4A60328F1C389B6700226BD1 /* spmidi_fast.c */; };
		4A6032C11C389B6700226BD1 /* spmidi_host.c in Sources */ = {isa = PBXBuildFile; fileRef = 4A6032901C389B6700226BD1 /* spmidi_host.c */; };
		4A6032C21C389B6700226BD1 /* spmidi_hybrid.c in Sources */ = {isa = PBXBuildFile; fileRef = 4A6032921C389B6700226BD1 /* spmidi_hybrid.c */; };
		4A6032C31C389B6700226BD1 /* spmidi_orchestra.c in Sources */ = {isa = PBXBuildFile; fileRef = 4A6032961C389B6700226BD1 /* spmidi_orchestra.c */; };
		4A6032C41C389B6700226BD1 /* spmidi_synth_util.c in Sources */ = {isa = PBXBuildFile; fileRef = 4A60329C1C389B6700226BD1 /* spmidi_synth_util.c */; };
		4A6032C51C389B6700226BD1 /* spmidi_util.c in Sources */ = {isa = PBXBuildFile; fileRef = 4A60329E1C389B6700226BD1 /* spmidi_util.c */; };
		4A6032C61C389B6700226BD1 /* stack.c in Sources */ = {isa = PBXBuildFile; fileRef = 4A6032A01C389B6700226BD1 /* stack.c */; };
		4A6032C71C389B6700226BD1 /* streamio.c in Sources */ = {isa = PBXBuildFile; fileRef = 4A6032A21C389B6700226BD1 /* streamio.c */; };
		4A6032C81C389B6700226BD1 /* streamio_ram.c in Sources */ = {isa = PBXBuildFile; fileRef = 4A6032A31C389B6700226BD1 /* streamio_ram.c */; };
		4A6032C91C389B6700226BD1 /* svfilter.c in Sources */ = {isa = PBXBuildFile; fileRef = 4A6032A41C389B6700226BD1 /* svfilter.c */; };
		4A6032CA1C389B6700226BD1 /* wave_manager.c in Sources */ = {isa = PBXBuildFile; fileRef = 4A6032A61C389B6700226BD1 /* wave_manager.c */; };
		4A6032CB1C389B6700226BD1 /* wavetable.c in Sources */ = {isa = PBXBuildFile; fileRef = 4A6032A81C389B6700226BD1 /* wavetable.c */; };
		4A6032CC1C389B6700226BD1 /* xmf_parser.c in Sources */ = {isa = PBXBuildFile; fileRef = 4A6032A91C389B6700226BD1 /* xmf_parser.c */; };
		4A6032E91C389CED00226BD1 /* streamio_file.c in Sources */ = {isa = PBXBuildFile; fileRef = 4A6032E81C389CED00226BD1 /* streamio_file.c */; };
		4A6032EB1C389D2900226BD1 /* spmidi_load.c in Sources */ = {isa = PBXBuildFile; fileRef = 4A6032EA1C389D2900226BD1 /* spmidi_load.c */; };
		4A6032ED1C389D7700226BD1 /* spmidi_errortext.c in Sources */ = {isa = PBXBuildFile; fileRef = 4A6032EC1C389D7700226BD1 /* spmidi_errortext.c */; };
		4A6032EF1C389D8100226BD1 /* spmidi_play.c in Sources */ = {isa = PBXBuildFile; fileRef = 4A6032EE1C389D8100226BD1 /* spmidi_play.c */; };
		4A6032F11C389E5F00226BD1 /* spmidi_audio_stub.c in Sources */ = {isa = PBXBuildFile; fileRef = 4A6032F01C389E5F00226BD1 /* spmidi_audio_stub.c */; };
/* End PBXBuildFile section */

/* Begin PBXCopyFilesBuildPhase section */
		4AD1FA561C38945F00CA16DA /* CopyFiles */ = {
			isa = PBXCopyFilesBuildPhase;
			buildActionMask = 2147483647;
			dstPath = /usr/share/man/man1/;
			dstSubfolderSpec = 0;
			files = (
			);
			runOnlyForDeploymentPostprocessing = 1;
		};
/* End PBXCopyFilesBuildPhase section */

/* Begin PBXFileReference section */
		4A6032611C3897FB00226BD1 /* render_midifiles.c */ = {isa = PBXFileReference; lastKnownFileType = sourcecode.c.c; name = render_midifiles.c; path = ../../../tools/render_midifiles.c; sourceTree = "<group>"; };
		4A6032651C38982000226BD1 /* write_wav.c */ = {isa = PBXFileReference; lastKnownFileType = sourcecode.c.c; name = write_wav.c; path = ../../../util/write_wav.c; sourceTree = "<group>"; };
		4A60326B1C389B6700226BD1 /* adsr_envelope.c */ = {isa = PBXFileReference; fileEncoding = 4; lastKnownFileType = sourcecode.c.c; path = adsr_envelope.c; sourceTree = "<group>"; };
		4A60326C1C389B6700226BD1 /* adsr_envelope.h */ = {isa = PBXFileReference; fileEncoding = 4; lastKnownFileType = sourcecode.c.h; path = adsr_envelope.h; sourceTree = "<group>"; };
		4A60326D1C389B6700226BD1 /* compressor.c */ = {isa = PBXFileReference; fileEncoding = 4; lastKnownFileType = sourcecode.c.c; path = compressor.c; sourceTree = "<group>"; };
		4A60326E1C389B6700226BD1 /* compressor.h */ = {isa = PBXFileReference; fileEncoding = 4; lastKnownFileType = sourcecode.c.h; path = compressor.h; sourceTree = "<group>"; };
		4A60326F1C389B6700226BD1 /* dbl_list.c */ = {isa = PBXFileReference; fileEncoding = 4; lastKnownFileType = sourcecode.c.c; path = dbl_list.c; sourceTree = "<group>"; };
		4A6032701C389B6700226BD1 /* dbl_list.h */ = {isa = PBXFileReference; fileEncoding = 4; lastKnownFileType = sourcecode.c.h; path = dbl_list.h; sourceTree = "<group>"; };
		4A6032711C389B6700226BD1 /* dls_articulations.c */ = {isa = PBXFileReference; fileEncoding = 4; lastKnownFileType = sourcecode.c.c; path = dls_articulations.c; sourceTree = "<group>"; };
		4A6032721C389B6700226BD1 /* dls_parser.c */ = {isa = PBXFileReference; fileEncoding = 4; lastKnownFileType = sourcecode.c.c; path = dls_parser.c; sourceTree = "<group>"; };
		4A6032731C389B6700226BD1 /* dls_parser_internal.h */ = {isa = PBXFileReference; fileEncoding = 4; lastKnownFileType = sourcecode.c.h; path = dls_parser_internal.h; sourceTree = "<group>"; };
		4A6032741C389B6700226BD1 /* fxpmath.h */ = {isa = PBXFileReference; fileEncoding = 4; lastKnownFileType = sourcecode.c.h; path = fxpmath.h; sourceTree = "<group>"; };
		4A6032751C389B6700226BD1 /* instrument_mgr.c */ = {isa = PBXFileReference; fileEncoding = 4; lastKnownFileType = sourcecode.c.c; path = instrument_mgr.c; sourceTree = "<group>"; };
		4A6032761C389B6700226BD1 /* instrument_mgr.h */ = {isa = PBXFileReference; fileEncoding = 4; lastKnownFileType = sourcecode.c.h; path = instrument_mgr.h; sourceTree = "<group>"; };
		4A6032771C389B6700226BD1 /* mbis_parser.c */ = {isa = PBXFileReference; fileEncoding = 4; lastKnownFileType = sourcecode.c.c; path = mbis_parser.c; sourceTree = "<group>"; };
		4A6032781C389B6700226BD1 /* mbis_parser_internal.h */ = {isa = PBXFileReference; fileEncoding = 4; lastKnownFileType = sourcecode.c.h; path = mbis_parser_internal.h; sourceTree = "<group>"; };
		4A6032791C389B6700226BD1 /* memheap.c */ = {isa = PBXFileReference; fileEncoding = 4; lastKnownFileType = sourcecode.c.c; path = memheap.c; sourceTree = "<group>"; };
		4A60327A1C389B6700226BD1 /* memheap.h */ = {isa = PBXFileReference; fileEncoding = 4; lastKnownFileType = sourcecode.c.h; path = memheap.h; sourceTree = "<group>"; };
		4A60327B1C389B6700226BD1 /* memtools.c */ = {isa = PBXFileReference; fileEncoding = 4; lastKnownFileType = sourcecode.c.c; path = memtools.c; sourceTree = "<group>"; };
		4A60327C1C389B6700226BD1 /* memtools.h */ = {isa = PBXFileReference; fileEncoding = 4; lastKnownFileType = sourcecode.c.h; path = memtools.h; sourceTree = "<group>"; };
		4A60327D1C389B6700226BD1 /* midi_names.c */ = {isa = PBXFileReference; fileEncoding = 4; lastKnownFileType = sourcecode.c.c; path = midi_names.c; sourceTree = "<group>"; };
		4A60327E1C389B6700226BD1 /* midifile_parser.c */ = {isa = PBXFileReference; fileEncoding = 4; lastKnownFileType = sourcecode.c.c; path = midifile_parser.c; sourceTree = "<group>"; };
		4A60327F1C389B6700226BD1 /* midifile_player.c */ = {isa = PBXFileReference; fileEncoding = 4; lastKnownFileType = sourcecode.c.c; path = midifile_player.c; sourceTree = "<group>"; };
		4A6032801C389B6700226BD1 /* onepole_filter.c */ = {isa = PBXFileReference; fileEncoding = 4; lastKnownFileType = sourcecode.c.c; path = onepole_filter.c; sourceTree = "<group>"; };
		4A6032811C389B6700226BD1 /* onepole_filter.h */ = {isa = PBXFileReference; fileEncoding = 4; lastKnownFileType = sourcecode.c.h; path = onepole_filter.h; sourceTree = "<group>"; };
		4A6032821C389B6700226BD1 /* oscillator.c */ = {isa = PBXFileReference; fileEncoding = 4; lastKnownFileType = sourcecode.c.c; path = oscillator.c; sourceTree = "<group>"; };
		4A6032831C389B6700226BD1 /* oscillator.h */ = {isa = PBXFileReference; fileEncoding = 4; lastKnownFileType = sourcecode.c.h; path = oscillator.h; sourceTree = "<group>"; };
		4A6032841C389B6700226BD1 /* parse_riff.c */ = {isa = PBXFileReference; fileEncoding = 4; lastKnownFileType = sourcecode.c.c; path = parse_riff.c; sourceTree = "<group>"; };
		4A6032851C389B6700226BD1 /* parse_riff.h */ = {isa = PBXFileReference; fileEncoding = 4; lastKnownFileType = sourcecode.c.h; path = parse_riff.h; sourceTree = "<group>"; };
		4A6032861C389B6700226BD1 /* program_list.c */ = {isa = PBXFileReference; fileEncoding = 4; lastKnownFileType = sourcecode.c.c; path = program_list.c; sourceTree = "<group>"; };
		4A6032871C389B6700226BD1 /* resource_mgr.c */ = {isa = PBXFileReference; fileEncoding = 4; lastKnownFileType = sourcecode.c.c; path = resource_mgr.c; sourceTree = "<group>"; };
		4A6032881C389B6700226BD1 /* resource_mgr.h */ = {isa = PBXFileReference; fileEncoding = 4; lastKnownFileType = sourcecode.c.h; path = resource_mgr.h; sourceTree = "<group>"; };
		4A6032891C389B6700226BD1 /* reverb.c */ = {isa = PBXFileReference; fileEncoding = 4; lastKnownFileType = sourcecode.c.c; path = reverb.c; sourceTree = "<group>"; };
		4A60328A1C389B6700226BD1 /* reverb.h */ = {isa = PBXFileReference; fileEncoding = 4; lastKnownFileType = sourcecode.c.h; path = reverb.h; sourceTree = "<group>"; };
		4A60328B1C389B6700226BD1 /* song_player.c */ = {isa = PBXFileReference; fileEncoding = 4; lastKnownFileType = sourcecode.c.c; path = song_player.c; sourceTree = "<group>"; };
		4A60328C1C389B6700226BD1 /* spmidi.c */ = {isa = PBXFileReference; fileEncoding = 4; lastKnownFileType = sourcecode.c.c; path = spmidi.c; sourceTree = "<group>"; };
		4A60328D1C389B6700226BD1 /* spmidi_dls.c */ = {isa = PBXFileReference; fileEncoding = 4; lastKnownFileType = sourcecode.c.c; path = spmidi_dls.c; sourceTree = "<group>"; };
		4A60328E1C389B6700226BD1 /* spmidi_dls.h */ = {isa = PBXFileReference; fileEncoding = 4; lastKnownFileType = sourcecode.c.h; path = spmidi_dls.h; sourceTree = "<group>"; };
		4A60328F1C389B6700226BD1 /* spmidi_fast.c */ = {isa = PBXFileReference; fileEncoding = 4; lastKnownFileType = sourcecode.c.c; path = spmidi_fast.c; sourceTree = "<group>"; };
		4A6032901C389B6700226BD1 /* spmidi_host.c */ = {isa = PBXFileReference; fileEncoding = 4; lastKnownFileType = sourcecode.c.c; path = spmidi_host.c; sourceTree = "<group>"; };
		4A6032911C389B6700226BD1 /* spmidi_host.h */ = {isa = PBXFileReference; fileEncoding = 4; lastKnownFileType = sourcecode.c.h; path = spmidi_host.h; sourceTree = "<group>"; };
		4A6032921C389B6700226BD1 /* spmidi_hybrid.c */ = {isa = PBXFileReference; fileEncoding = 4; lastKnownFileType = sourcecode.c.c; path = spmidi_hybrid.c; sourceTree = "<group>"; };
		4A6032931C389B6700226BD1 /* spmidi_hybrid.h */ = {isa = PBXFileReference; fileEncoding = 4; lastKnownFileType = sourcecode.c.h; path = spmidi_hybrid.h; sourceTree = "<group>"; };
		4A6032941C389B6700226BD1 /* spmidi_hybrid_presets.h */ = {isa = PBXFileReference; fileEncoding = 4; lastKnownFileType = sourcecode.c.h; path = spmidi_hybrid_presets.h; sourceTree = "<group>"; };
		4A6032951C389B6700226BD1 /* spmidi_hybrid_presets_me1000.h */ = {isa = PBXFileReference; fileEncoding = 4; lastKnownFileType = sourcecode.c.h; path = spmidi_hybrid_presets_me1000.h; sourceTree = "<group>"; };
		4A6032961C389B6700226BD1 /* spmidi_orchestra.c */ = {isa = PBXFileReference; fileEncoding = 4; lastKnownFileType = sourcecode.c.c; path = spmidi_orchestra.c; sourceTree = "<group>"; };
		4A6032971C389B6700226BD1 /* spmidi_orchestra.h */ = {isa = PBXFileReference; fileEncoding = 4; lastKnownFileType = sourcecode.c.h; path = spmidi_orchestra.h; sourceTree = "<group>"; };
		4A6032981C389B6700226BD1 /* spmidi_preset.h */ = {isa = PBXFileReference; fileEncoding = 4; lastKnownFileType = sourcecode.c.h; path = spmidi_preset.h; sourceTree = "<group>"; };
		4A6032991C389B6700226BD1 /* spmidi_presets_custom_1.h */ = {isa = PBXFileReference; fileEncoding = 4; lastKnownFileType = sourcecode.c.h; path = spmidi_presets_custom_1.h; sourceTree = "<group>"; };
		4A60329A1C389B6700226BD1 /* spmidi_presets_custom_2.h */ = {isa = PBXFileReference; fileEncoding = 4; lastKnownFileType = sourcecode.c.h; path = spmidi_presets_custom_2.h; sourceTree = "<group>"; };
		4A60329B1C389B6700226BD1 /* spmidi_synth.h */ = {isa = PBXFileReference; fileEncoding = 4; lastKnownFileType = sourcecode.c.h; path = spmidi_synth.h; sourceTree = "<group>"; };
		4A60329C1C389B6700226BD1 /* spmidi_synth_util.c */ = {isa = PBXFileReference; fileEncoding = 4; lastKnownFileType = sourcecode.c.c; path = spmidi_synth_util.c; sourceTree = "<group>"; };
		4A60329D1C389B6700226BD1 /* spmidi_synth_util.h */ = {isa = PBXFileReference; fileEncoding = 4; lastKnownFileType = sourcecode.c.h; path = spmidi_synth_util.h; sourceTree = "<group>"; };
		4A60329E1C389B6700226BD1 /* spmidi_util.c */ = {isa = PBXFileReference; fileEncoding = 4; lastKnownFileType = sourcecode.c.c; path = spmidi_util.c; sourceTree = "<group>"; };
		4A60329F1C389B6700226BD1 /* spmidi_voice.h */ = {isa = PBXFileReference; fileEncoding = 4; lastKnownFileType = sourcecode.c.h; path = spmidi_voice.h; sourceTree = "<group>"; };
		4A6032A01C389B6700226BD1 /* stack.c */ = {isa = PBXFileReference; fileEncoding = 4; lastKnownFileType = sourcecode.c.c; path = stack.c; sourceTree = "<group>"; };
		4A6032A11C389B6700226BD1 /* stack.h */ = {isa = PBXFileReference; fileEncoding = 4; lastKnownFileType = sourcecode.c.h; path = stack.h; sourceTree = "<group>"; };
		4A6032A21C389B6700226BD1 /* streamio.c */ = {isa = PBXFileReference; fileEncoding = 4; lastKnownFileType = sourcecode.c.c; path = streamio.c; sourceTree = "<group>"; };
		4A6032A31C389B6700226BD1 /* streamio_ram.c */ = {isa = PBXFileReference; fileEncoding = 4; lastKnownFileType = sourcecode.c.c; path = streamio_ram.c; sourceTree = "<group>"; };
		4A6032A41C389B6700226BD1 /* svfilter.c */ = {isa = PBXFileReference; fileEncoding = 4; lastKnownFileType = sourcecode.c.c; path = svfilter.c; sourceTree = "<group>"; };
		4A6032A51C389B6700226BD1 /* svfilter.h */ = {isa = PBXFileReference; fileEncoding = 4; lastKnownFileType = sourcecode.c.h; path = svfilter.h; sourceTree = "<group>"; };
		4A6032A61C389B6700226BD1 /* wave_manager.c */ = {isa = PBXFileReference; fileEncoding = 4; lastKnownFileType = sourcecode.c.c; path = wave_manager.c; sourceTree = "<group>"; };
		4A6032A71C389B6700226BD1 /* wave_manager.h */ = {isa = PBXFileReference; fileEncoding = 4; lastKnownFileType = sourcecode.c.h; path = wave_manager.h; sourceTree = "<group>"; };
		4A6032A81C389B6700226BD1 /* wavetable.c */ = {isa = PBXFileReference; fileEncoding = 4; lastKnownFileType = sourcecode.c.c; path = wavetable.c; sourceTree = "<group>"; };
		4A6032A91C389B6700226BD1 /* xmf_parser.c */ = {isa = PBXFileReference; fileEncoding = 4; lastKnownFileType = sourcecode.c.c; path = xmf_parser.c; sourceTree = "<group>"; };
		4A6032AA1C389B6700226BD1 /* xmf_parser_internal.h */ = {isa = PBXFileReference; fileEncoding = 4; lastKnownFileType = sourcecode.c.h; path = xmf_parser_internal.h; sourceTree = "<group>"; };
		4A6032CE1C389B9400226BD1 /* dls_parser.h */ = {isa = PBXFileReference; fileEncoding = 4; lastKnownFileType = sourcecode.c.h; path = dls_parser.h; sourceTree = "<group>"; };
		4A6032CF1C389B9400226BD1 /* ima_adpcm.h */ = {isa = PBXFileReference; fileEncoding = 4; lastKnownFileType = sourcecode.c.h; path = ima_adpcm.h; sourceTree = "<group>"; };
		4A6032D01C389B9400226BD1 /* ima_adpcm_wav.h */ = {isa = PBXFileReference; fileEncoding = 4; lastKnownFileType = sourcecode.c.h; path = ima_adpcm_wav.h; sourceTree = "<group>"; };
		4A6032D11C389B9400226BD1 /* mbis_parser.h */ = {isa = PBXFileReference; fileEncoding = 4; lastKnownFileType = sourcecode.c.h; path = mbis_parser.h; sourceTree = "<group>"; };
		4A6032D21C389B9400226BD1 /* midi.h */ = {isa = PBXFileReference; fileEncoding = 4; lastKnownFileType = sourcecode.c.h; path = midi.h; sourceTree = "<group>"; };
		4A6032D31C389B9400226BD1 /* midifile_parser.h */ = {isa = PBXFileReference; fileEncoding = 4; lastKnownFileType = sourcecode.c.h; path = midifile_parser.h; sourceTree = "<group>"; };
		4A6032D41C389B9400226BD1 /* midifile_player.h */ = {isa = PBXFileReference; fileEncoding = 4; lastKnownFileType = sourcecode.c.h; path = midifile_player.h; sourceTree = "<group>"; };
		4A6032D51C389B9400226BD1 /* midistream_player.h */ = {isa = PBXFileReference; fileEncoding = 4; lastKnownFileType = sourcecode.c.h; path = midistream_player.h; sourceTree = "<group>"; };
		4A6032D61C389B9400226BD1 /* program_list.h */ = {isa = PBXFileReference; fileEncoding = 4; lastKnownFileType = sourcecode.c.h; path = program_list.h; sourceTree = "<group>"; };
		4A6032D71C389B9400226BD1 /* read_wav.h */ = {isa = PBXFileReference; fileEncoding = 4; lastKnownFileType = sourcecode.c.h; path = read_wav.h; sourceTree = "<group>"; };
		4A6032D81C389B9400226BD1 /* song_player.h */ = {isa = PBXFileReference; fileEncoding = 4; lastKnownFileType = sourcecode.c.h; path = song_player.h; sourceTree = "<group>"; };
		4A6032D91C389B9400226BD1 /* spmidi.h */ = {isa = PBXFileReference; fileEncoding = 4; lastKnownFileType = sourcecode.c.h; path = spmidi.h; sourceTree = "<group>"; };
		4A6032DA1C389B9400226BD1 /* spmidi_audio.h */ = {isa = PBXFileReference; fileEncoding = 4; lastKnownFileType = sourcecode.c.h; path = spmidi_audio.h; sourceTree = "<group>"; };
		4A6032DB1C389B9400226BD1 /* spmidi_config.h */ = {isa = PBXFileReference; fileEncoding = 4; lastKnownFileType = sourcecode.c.h; path = spmidi_config.h; sourceTree = "<group>"; };
		4A6032DC1C389B9400226BD1 /* spmidi_editor.h */ = {isa = PBXFileReference; fileEncoding = 4; lastKnownFileType = sourcecode.c.h; path = spmidi_editor.h; sourceTree = "<group>"; };
		4A6032DD1C389B9400226BD1 /* spmidi_errors.h */ = {isa = PBXFileReference; fileEncoding = 4; lastKnownFileType = sourcecode.c.h; path = spmidi_errors.h; sourceTree = "<group>"; };
		4A6032DE1C389B9400226BD1 /* spmidi_errortext.h */ = {isa = PBXFileReference; fileEncoding = 4; lastKnownFileType = sourcecode.c.h; path = spmidi_errortext.h; sourceTree = "<group>"; };
		4A6032DF1C389B9400226BD1 /* spmidi_jukebox.h */ = {isa = PBXFileReference; fileEncoding = 4; lastKnownFileType = sourcecode.c.h; path = spmidi_jukebox.h; sourceTree = "<group>"; };
		4A6032E01C389B9400226BD1 /* spmidi_load.h */ = {isa = PBXFileReference; fileEncoding = 4; lastKnownFileType = sourcecode.c.h; path = spmidi_load.h; sourceTree = "<group>"; };
		4A6032E11C389B9400226BD1 /* spmidi_play.h */ = {isa = PBXFileReference; fileEncoding = 4; lastKnownFileType = sourcecode.c.h; path = spmidi_play.h; sourceTree = "<group>"; };
		4A6032E21C389B9400226BD1 /* spmidi_print.h */ = {isa = PBXFileReference; fileEncoding = 4; lastKnownFileType = sourcecode.c.h; path = spmidi_print.h; sourceTree = "<group>"; };
		4A6032E31C389B9400226BD1 /* spmidi_util.h */ = {isa = PBXFileReference; fileEncoding = 4; lastKnownFileType = sourcecode.c.h; path = spmidi_util.h; sourceTree = "<group>"; };
		4A6032E41C389B9400226BD1 /* streamio.h */ = {isa = PBXFileReference; fileEncoding = 4; lastKnownFileType = sourcecode.c.h; path = streamio.h; sourceTree = "<group>"; };
		4A6032E51C389B9400226BD1 /* wav_format.h */ = {isa = PBXFileReference; fileEncoding = 4; lastKnownFileType = sourcecode.c.h; path = wav_format.h; sourceTree = "<group>"; };
		4A6032E61C389B9400226BD1 /* write_wav.h */ = {isa = PBXFileReference; fileEncoding = 4; lastKnownFileType = sourcecode.c.h; path = write_wav.h; sourceTree = "<group>"; };
		4A6032E71C389B9400226BD1 /* xmf_parser.h */ = {isa = PBXFileReference; fileEncoding = 4; lastKnownFileType = sourcecode.c.h; path = xmf_parser.h; sourceTree = "<group>"; };
		4A6032E81C389CED00226BD1 /* streamio_file.c */ = {isa = PBXFileReference; lastKnownFileType = sourcecode.c.c; name = streamio_file.c; path = ../../../util/streamio_file.c; sourceTree = "<group>"; };
		4A6032EA1C389D2900226BD1 /* spmidi_load.c */ = {isa = PBXFileReference; lastKnownFileType = sourcecode.c.c; name = spmidi_load.c; path = ../../../util/spmidi_load.c; sourceTree = "<group>"; };
		4A6032EC1C389D7700226BD1 /* spmidi_errortext.c */ = {isa = PBXFileReference; lastKnownFileType = sourcecode.c.c; name = spmidi_errortext.c; path = ../../../util/spmidi_errortext.c; sourceTree = "<group>"; };
		4A6032EE1C389D8100226BD1 /* spmidi_play.c */ = {isa = PBXFileReference; lastKnownFileType = sourcecode.c.c; name = spmidi_play.c; path = ../../../util/spmidi_play.c; sourceTree = "<group>"; };
		4A6032F01C389E5F00226BD1 /* spmidi_audio_stub.c */ = {isa = PBXFileReference; lastKnownFileType = sourcecode.c.c; name = spmidi_audio_stub.c; path = ../../../util/spmidi_audio_stub.c; sourceTree = "<group>"; };
		4AD1FA581C38945F00CA16DA /* MobSynth */ = {isa = PBXFileReference; explicitFileType = "compiled.mach-o.executable"; includeInIndex = 0; path = MobSynth; sourceTree = BUILT_PRODUCTS_DIR; };
		4AD1FA661C3894C200CA16DA /* export_1mb */ = {isa = PBXFileReference; lastKnownFileType = folder; name = export_1mb; path = ../../../../export_1mb; sourceTree = "<group>"; };
		4AD1FA671C3894E100CA16DA /* tools */ = {isa = PBXFileReference; lastKnownFileType = folder; name = tools; path = ../../../../tools; sourceTree = "<group>"; };
		4AD1FA681C3894EC00CA16DA /* util */ = {isa = PBXFileReference; lastKnownFileType = folder; name = util; path = ../../../../util; sourceTree = "<group>"; };
		4AD1FA691C38950600CA16DA /* qa */ = {isa = PBXFileReference; lastKnownFileType = folder; name = qa; path = ../../../../qa; sourceTree = "<group>"; };
/* End PBXFileReference section */

/* Begin PBXFrameworksBuildPhase section */
		4AD1FA551C38945F00CA16DA /* Frameworks */ = {
			isa = PBXFrameworksBuildPhase;
			buildActionMask = 2147483647;
			files = (
			);
			runOnlyForDeploymentPostprocessing = 0;
		};
/* End PBXFrameworksBuildPhase section */

/* Begin PBXGroup section */
		4A60326A1C389B6700226BD1 /* engine */ = {
			isa = PBXGroup;
			children = (
				4A60326B1C389B6700226BD1 /* adsr_envelope.c */,
				4A60326C1C389B6700226BD1 /* adsr_envelope.h */,
				4A60326D1C389B6700226BD1 /* compressor.c */,
				4A60326E1C389B6700226BD1 /* compressor.h */,
				4A60326F1C389B6700226BD1 /* dbl_list.c */,
				4A6032701C389B6700226BD1 /* dbl_list.h */,
				4A6032711C389B6700226BD1 /* dls_articulations.c */,
				4A6032721C389B6700226BD1 /* dls_parser.c */,
				4A6032731C389B6700226BD1 /* dls_parser_internal.h */,
				4A6032741C389B6700226BD1 /* fxpmath.h */,
				4A6032751C389B6700226BD1 /* instrument_mgr.c */,
				4A6032761C389B6700226BD1 /* instrument_mgr.h */,
				4A6032771C389B6700226BD1 /* mbis_parser.c */,
				4A6032781C389B6700226BD1 /* mbis_parser_internal.h */,
				4A6032791C389B6700226BD1 /* memheap.c */,
				4A60327A1C389B6700226BD1 /* memheap.h */,
				4A60327B1C389B6700226BD1 /* memtools.c */,
				4A60327C1C389B6700226BD1 /* memtools.h */,
				4A60327D1C389B6700226BD1 /* midi_names.c */,
				4A60327E1C389B6700226BD1 /* midifile_parser.c */,
				4A60327F1C389B6700226BD1 /* midifile_player.c */,
				4A6032801C389B6700226BD1 /* onepole_filter.c */,
				4A6032811C389B6700226BD1 /* onepole_filter.h */,
				4A6032821C389B6700226BD1 /* oscillator.c */,
				4A6032831C389B6700226BD1 /* oscillator.h */,
				4A6032841C389B6700226BD1 /* parse_riff.c */,
				4A6032851C389B6700226BD1 /* parse_riff.h */,
				4A6032861C389B6700226BD1 /* program_list.c */,
				4A6032871C389B6700226BD1 /* resource_mgr.c */,
				4A6032881C389B6700226BD1 /* resource_mgr.h */,
				4A6032891C389B6700226BD1 /* reverb.c */,
				4A60328A1C389B6700226BD1 /* reverb.h */,
				4A60328B1C389B6700226BD1 /* song_player.c */,
				4A60328C1C389B6700226BD1 /* spmidi.c */,
				4A60328D1C389B6700226BD1 /* spmidi_dls.c */,
				4A60328E1C389B6700226BD1 /* spmidi_dls.h */,
				4A60328F1C389B6700226BD1 /* spmidi_fast.c */,
				4A6032901C389B6700226BD1 /* spmidi_host.c */,
				4A6032911C389B6700226BD1 /* spmidi_host.h */,
				4A6032921C389B6700226BD1 /* spmidi_hybrid.c */,
				4A6032931C389B6700226BD1 /* spmidi_hybrid.h */,
				4A6032941C389B6700226BD1 /* spmidi_hybrid_presets.h */,
				4A6032951C389B6700226BD1 /* spmidi_hybrid_presets_me1000.h */,
				4A6032961C389B6700226BD1 /* spmidi_orchestra.c */,
				4A6032971C389B6700226BD1 /* spmidi_orchestra.h */,
				4A6032981C389B6700226BD1 /* spmidi_preset.h */,
				4A6032991C389B6700226BD1 /* spmidi_presets_custom_1.h */,
				4A60329A1C389B6700226BD1 /* spmidi_presets_custom_2.h */,
				4A60329B1C389B6700226BD1 /* spmidi_synth.h */,
				4A60329C1C389B6700226BD1 /* spmidi_synth_util.c */,
				4A60329D1C389B6700226BD1 /* spmidi_synth_util.h */,
				4A60329E1C389B6700226BD1 /* spmidi_util.c */,
				4A60329F1C389B6700226BD1 /* spmidi_voice.h */,
				4A6032A01C389B6700226BD1 /* stack.c */,
				4A6032A11C389B6700226BD1 /* stack.h */,
				4A6032A21C389B6700226BD1 /* streamio.c */,
				4A6032A31C389B6700226BD1 /* streamio_ram.c */,
				4A6032A41C389B6700226BD1 /* svfilter.c */,
				4A6032A51C389B6700226BD1 /* svfilter.h */,
				4A6032A61C389B6700226BD1 /* wave_manager.c */,
				4A6032A71C389B6700226BD1 /* wave_manager.h */,
				4A6032A81C389B6700226BD1 /* wavetable.c */,
				4A6032A91C389B6700226BD1 /* xmf_parser.c */,
				4A6032AA1C389B6700226BD1 /* xmf_parser_internal.h */,
			);
			name = engine;
			path = ../../../../engine;
			sourceTree = "<group>";
		};
		4A6032CD1C389B9400226BD1 /* include */ = {
			isa = PBXGroup;
			children = (
				4A6032CE1C389B9400226BD1 /* dls_parser.h */,
				4A6032CF1C389B9400226BD1 /* ima_adpcm.h */,
				4A6032D01C389B9400226BD1 /* ima_adpcm_wav.h */,
				4A6032D11C389B9400226BD1 /* mbis_parser.h */,
				4A6032D21C389B9400226BD1 /* midi.h */,
				4A6032D31C389B9400226BD1 /* midifile_parser.h */,
				4A6032D41C389B9400226BD1 /* midifile_player.h */,
				4A6032D51C389B9400226BD1 /* midistream_player.h */,
				4A6032D61C389B9400226BD1 /* program_list.h */,
				4A6032D71C389B9400226BD1 /* read_wav.h */,
				4A6032D81C389B9400226BD1 /* song_player.h */,
				4A6032D91C389B9400226BD1 /* spmidi.h */,
				4A6032DA1C389B9400226BD1 /* spmidi_audio.h */,
				4A6032DB1C389B9400226BD1 /* spmidi_config.h */,
				4A6032DC1C389B9400226BD1 /* spmidi_editor.h */,
				4A6032DD1C389B9400226BD1 /* spmidi_errors.h */,
				4A6032DE1C389B9400226BD1 /* spmidi_errortext.h */,
				4A6032DF1C389B9400226BD1 /* spmidi_jukebox.h */,
				4A6032E01C389B9400226BD1 /* spmidi_load.h */,
				4A6032E11C389B9400226BD1 /* spmidi_play.h */,
				4A6032E21C389B9400226BD1 /* spmidi_print.h */,
				4A6032E31C389B9400226BD1 /* spmidi_util.h */,
				4A6032E41C389B9400226BD1 /* streamio.h */,
				4A6032E51C389B9400226BD1 /* wav_format.h */,
				4A6032E61C389B9400226BD1 /* write_wav.h */,
				4A6032E71C389B9400226BD1 /* xmf_parser.h */,
			);
			name = include;
			path = ../../../../include;
			sourceTree = "<group>";
		};
		4AD1FA4F1C38945F00CA16DA = {
			isa = PBXGroup;
			children = (
				4A6032F01C389E5F00226BD1 /* spmidi_audio_stub.c */,
				4A6032EE1C389D8100226BD1 /* spmidi_play.c */,
				4A6032EC1C389D7700226BD1 /* spmidi_errortext.c */,
				4A6032EA1C389D2900226BD1 /* spmidi_load.c */,
				4A6032E81C389CED00226BD1 /* streamio_file.c */,
				4A6032651C38982000226BD1 /* write_wav.c */,
				4A6032611C3897FB00226BD1 /* render_midifiles.c */,
				4AD1FA5A1C38945F00CA16DA /* MobSynth */,
				4AD1FA591C38945F00CA16DA /* Products */,
			);
			sourceTree = "<group>";
		};
		4AD1FA591C38945F00CA16DA /* Products */ = {
			isa = PBXGroup;
			children = (
				4AD1FA581C38945F00CA16DA /* MobSynth */,
			);
			name = Products;
			sourceTree = "<group>";
		};
		4AD1FA5A1C38945F00CA16DA /* MobSynth */ = {
			isa = PBXGroup;
			children = (
				4AD1FA621C38947C00CA16DA /* synth */,
			);
			path = MobSynth;
			sourceTree = "<group>";
		};
		4AD1FA621C38947C00CA16DA /* synth */ = {
			isa = PBXGroup;
			children = (
				4A6032CD1C389B9400226BD1 /* include */,
				4A60326A1C389B6700226BD1 /* engine */,
				4AD1FA691C38950600CA16DA /* qa */,
				4AD1FA681C3894EC00CA16DA /* util */,
				4AD1FA671C3894E100CA16DA /* tools */,
				4AD1FA661C3894C200CA16DA /* export_1mb */,
			);
			name = synth;
			sourceTree = "<group>";
		};
/* End PBXGroup section */

/* Begin PBXNativeTarget section */
		4AD1FA571C38945F00CA16DA /* MobSynth */ = {
			isa = PBXNativeTarget;
			buildConfigurationList = 4AD1FA5F1C38945F00CA16DA /* Build configuration list for PBXNativeTarget "MobSynth" */;
			buildPhases = (
				4AD1FA541C38945F00CA16DA /* Sources */,
				4AD1FA551C38945F00CA16DA /* Frameworks */,
				4AD1FA561C38945F00CA16DA /* CopyFiles */,
			);
			buildRules = (
			);
			dependencies = (
			);
			name = MobSynth;
			productName = MobSynth;
			productReference = 4AD1FA581C38945F00CA16DA /* MobSynth */;
			productType = "com.apple.product-type.tool";
		};
/* End PBXNativeTarget section */

/* Begin PBXProject section */
		4AD1FA501C38945F00CA16DA /* Project object */ = {
			isa = PBXProject;
			attributes = {
				LastUpgradeCheck = 0720;
				ORGANIZATIONNAME = Mobileer;
				TargetAttributes = {
					4AD1FA571C38945F00CA16DA = {
						CreatedOnToolsVersion = 7.2;
					};
				};
			};
			buildConfigurationList = 4AD1FA531C38945F00CA16DA /* Build configuration list for PBXProject "MobSynth" */;
			compatibilityVersion = "Xcode 3.2";
			developmentRegion = English;
			hasScannedForEncodings = 0;
			knownRegions = (
				en,
			);
			mainGroup = 4AD1FA4F1C38945F00CA16DA;
			productRefGroup = 4AD1FA591C38945F00CA16DA /* Products */;
			projectDirPath = "";
			projectRoot = "";
			targets = (
				4AD1FA571C38945F00CA16DA /* MobSynth */,
			);
		};
/* End PBXProject section */

/* Begin PBXSourcesBuildPhase section */
		4AD1FA541C38945F00CA16DA /* Sources */ = {
			isa = PBXSourcesBuildPhase;
			buildActionMask = 2147483647;
			files = (
				4A6032E91C389CED00226BD1 /* streamio_file.c in Sources */,
				4A6032EB1C389D2900226BD1 /* spmidi_load.c in Sources */,
				4A6032F11C389E5F00226BD1 /* spmidi_audio_stub.c in Sources */,
				4A6032EF1C389D8100226BD1 /* spmidi_play.c in Sources */,
				4A6032ED1C389D7700226BD1 /* spmidi_errortext.c in Sources */,
				4A6032C61C389B6700226BD1 /* stack.c in Sources */,
				4A6032C51C389B6700226BD1 /* spmidi_util.c in Sources */,
				4A6032C81C389B6700226BD1 /* streamio_ram.c in Sources */,
				4A6032C91C389B6700226BD1 /* svfilter.c in Sources */,
				4A6032BD1C389B6700226BD1 /* song_player.c in Sources */,
				4A6032C11C389B6700226BD1 /* spmidi_host.c in Sources */,
				4A6032C01C389B6700226BD1 /* spmidi_fast.c in Sources */,
				4A6032CB1C389B6700226BD1 /* wavetable.c in Sources */,
				4A6032661C38982000226BD1 /* write_wav.c in Sources */,
				4A6032621C3897FB00226BD1 /* render_midifiles.c in Sources */,
				4A6032AD1C389B6700226BD1 /* dbl_list.c in Sources */,
				4A6032BC1C389B6700226BD1 /* reverb.c in Sources */,
				4A6032CC1C389B6700226BD1 /* xmf_parser.c in Sources */,
				4A6032B41C389B6700226BD1 /* midi_names.c in Sources */,
				4A6032B51C389B6700226BD1 /* midifile_parser.c in Sources */,
				4A6032AC1C389B6700226BD1 /* compressor.c in Sources */,
				4A6032B31C389B6700226BD1 /* memtools.c in Sources */,
				4A6032AE1C389B6700226BD1 /* dls_articulations.c in Sources */,
				4A6032B21C389B6700226BD1 /* memheap.c in Sources */,
				4A6032B81C389B6700226BD1 /* oscillator.c in Sources */,
				4A6032B61C389B6700226BD1 /* midifile_player.c in Sources */,
				4A6032B11C389B6700226BD1 /* mbis_parser.c in Sources */,
				4A6032CA1C389B6700226BD1 /* wave_manager.c in Sources */,
				4A6032AB1C389B6700226BD1 /* adsr_envelope.c in Sources */,
				4A6032BE1C389B6700226BD1 /* spmidi.c in Sources */,
				4A6032B91C389B6700226BD1 /* parse_riff.c in Sources */,
				4A6032BB1C389B6700226BD1 /* resource_mgr.c in Sources */,
				4A6032C41C389B6700226BD1 /* spmidi_synth_util.c in Sources */,
				4A6032B71C389B6700226BD1 /* onepole_filter.c in Sources */,
				4A6032C21C389B6700226BD1 /* spmidi_hybrid.c in Sources */,
				4A6032AF1C389B6700226BD1 /* dls_parser.c in Sources */,
				4A6032BA1C389B6700226BD1 /* program_list.c in Sources */,
				4A6032C31C389B6700226BD1 /* spmidi_orchestra.c in Sources */,
				4A6032B01C389B6700226BD1 /* instrument_mgr.c in Sources */,
				4A6032C71C389B6700226BD1 /* streamio.c in Sources */,
				4A6032BF1C389B6700226BD1 /* spmidi_dls.c in Sources */,
			);
			runOnlyForDeploymentPostprocessing = 0;
		};
/* End PBXSourcesBuildPhase section */

/* Begin XCBuildConfiguration section */
		4AD1FA5D1C38945F00CA16DA /* Debug */ = {
			isa = XCBuildConfiguration;
			buildSettings = {
				ALWAYS_SEARCH_USER_PATHS = NO;
				CLANG_CXX_LANGUAGE_STANDARD = "gnu++0x";
				CLANG_CXX_LIBRARY = "libc++";
				CLANG_ENABLE_MODULES = YES;
				CLANG_ENABLE_OBJC_ARC = YES;
				CLANG_WARN_BOOL_CONVERSION = YES;
				CLANG_WARN_CONSTANT_CONVERSION = YES;
				CLANG_WARN_DIRECT_OBJC_ISA_USAGE = YES_ERROR;
				CLANG_WARN_EMPTY_BODY = YES;
				CLANG_WARN_ENUM_CONVERSION = YES;
				CLANG_WARN_INT_CONVERSION = YES;
				CLANG_WARN_OBJC_ROOT_CLASS = YES_ERROR;
				CLANG_WARN_UNREACHABLE_CODE = YES;
				CLANG_WARN__DUPLICATE_METHOD_MATCH = YES;
				CODE_SIGN_IDENTITY = "-";
				COPY_PHASE_STRIP = NO;
				DEBUG_INFORMATION_FORMAT = dwarf;
				ENABLE_STRICT_OBJC_MSGSEND = YES;
				ENABLE_TESTABILITY = YES;
				GCC_C_LANGUAGE_STANDARD = gnu99;
				GCC_DYNAMIC_NO_PIC = NO;
				GCC_NO_COMMON_BLOCKS = YES;
				GCC_OPTIMIZATION_LEVEL = 0;
				GCC_PREPROCESSOR_DEFINITIONS = (
					"DEBUG=1",
					"$(inherited)",
				);
				GCC_WARN_64_TO_32_BIT_CONVERSION = YES;
				GCC_WARN_ABOUT_RETURN_TYPE = YES_ERROR;
				GCC_WARN_UNDECLARED_SELECTOR = YES;
				GCC_WARN_UNINITIALIZED_AUTOS = YES_AGGRESSIVE;
				GCC_WARN_UNUSED_FUNCTION = YES;
				GCC_WARN_UNUSED_VARIABLE = YES;
				MACOSX_DEPLOYMENT_TARGET = 10.11;
				MTL_ENABLE_DEBUG_INFO = YES;
				ONLY_ACTIVE_ARCH = YES;
				SDKROOT = macosx;
			};
			name = Debug;
		};
		4AD1FA5E1C38945F00CA16DA /* Release */ = {
			isa = XCBuildConfiguration;
			buildSettings = {
				ALWAYS_SEARCH_USER_PATHS = NO;
				CLANG_CXX_LANGUAGE_STANDARD = "gnu++0x";
				CLANG_CXX_LIBRARY = "libc++";
				CLANG_ENABLE_MODULES = YES;
				CLANG_ENABLE_OBJC_ARC = YES;
				CLANG_WARN_BOOL_CONVERSION = YES;
				CLANG_WARN_CONSTANT_CONVERSION = YES;
				CLANG_WARN_DIRECT_OBJC_ISA_USAGE = YES_ERROR;
				CLANG_WARN_EMPTY_BODY = YES;
				CLANG_WARN_ENUM_CONVERSION = YES;
				CLANG_WARN_INT_CONVERSION = YES;
				CLANG_WARN_OBJC_ROOT_CLASS = YES_ERROR;
				CLANG_WARN_UNREACHABLE_CODE = YES;
				CLANG_WARN__DUPLICATE_METHOD_MATCH = YES;
				CODE_SIGN_IDENTITY = "-";
				COPY_PHASE_STRIP = NO;
				DEBUG_INFORMATION_FORMAT = "dwarf-with-dsym";
				ENABLE_NS_ASSERTIONS = NO;
				ENABLE_STRICT_OBJC_MSGSEND = YES;
				GCC_C_LANGUAGE_STANDARD = gnu99;
				GCC_NO_COMMON_BLOCKS = YES;
				GCC_WARN_64_TO_32_BIT_CONVERSION = YES;
				GCC_WARN_ABOUT_RETURN_TYPE = YES_ERROR;
				GCC_WARN_UNDECLARED_SELECTOR = YES;
				GCC_WARN_UNINITIALIZED_AUTOS = YES_AGGRESSIVE;
				GCC_WARN_UNUSED_FUNCTION = YES;
				GCC_WARN_UNUSED_VARIABLE = YES;
				MACOSX_DEPLOYMENT_TARGET = 10.11;
				MTL_ENABLE_DEBUG_INFO = NO;
				SDKROOT = macosx;
			};
			name = Release;
		};
		4AD1FA601C38945F00CA16DA /* Debug */ = {
			isa = XCBuildConfiguration;
			buildSettings = {
				ALWAYS_SEARCH_USER_PATHS = NO;
				HEADER_SEARCH_PATHS = (
					../../../../,
					../../../export_1mb,
				);
				PRODUCT_NAME = "$(TARGET_NAME)";
			};
			name = Debug;
		};
		4AD1FA611C38945F00CA16DA /* Release */ = {
			isa = XCBuildConfiguration;
			buildSettings = {
				ALWAYS_SEARCH_USER_PATHS = NO;
				HEADER_SEARCH_PATHS = (
					../../../../,
					../../../export_1mb,
				);
				PRODUCT_NAME = "$(TARGET_NAME)";
			};
			name = Release;
		};
/* End XCBuildConfiguration section */

/* Begin XCConfigurationList section */
		4AD1FA531C38945F00CA16DA /* Build configuration list for PBXProject "MobSynth" */ = {
			isa = XCConfigurationList;
			buildConfigurations = (
				4AD1FA5D1C38945F00CA16DA /* Debug */,
				4AD1FA5E1C38945F00CA16DA /* Release */,
			);
			defaultConfigurationIsVisible = 0;
			defaultConfigurationName = Release;
		};
		4AD1FA5F1C38945F00CA16DA /* Build configuration list for PBXNativeTarget "MobSynth" */ = {
			isa = XCConfigurationList;
			buildConfigurations = (
				4AD1FA601C38945F00CA16DA /* Debug */,
				4AD1FA611C38945F00CA16DA /* Release */,
			);
			defaultConfigurationIsVisible = 0;
			defaultConfigurationName = Release;
		};
/* End XCConfigurationList section */
	};
	rootObject = 4AD1FA501C38945F00CA16DA /* Project object */;
}
